
Microsoft Visual Studio Solution File, Format Version 12.00
# Visual Studio Version 16
VisualStudioVersion = 16.0.30804.86
MinimumVisualStudioVersion = 10.0.40219.1
Project("{FAE04EC0-301F-11D3-BF4B-00C04F79EFBC}") = "Playground.Utils", "Playground.Utils\Playground.Utils.csproj", "{5C1827A4-CD64-4C5A-B5A6-899B299EFB15}"
EndProject
Global
	GlobalSection(SolutionConfigurationPlatforms) = preSolution
		Debug|Any CPU = Debug|Any CPU
		Release|Any CPU = Release|Any CPU
	EndGlobalSection
	GlobalSection(ProjectConfigurationPlatforms) = postSolution
		{5C1827A4-CD64-4C5A-B5A6-899B299EFB15}.Debug|Any CPU.ActiveCfg = Debug|Any CPU
		{5C1827A4-CD64-4C5A-B5A6-899B299EFB15}.Debug|Any CPU.Build.0 = Debug|Any CPU
		{5C1827A4-CD64-4C5A-B5A6-899B299EFB15}.Release|Any CPU.ActiveCfg = Release|Any CPU
		{5C1827A4-CD64-4C5A-B5A6-899B299EFB15}.Release|Any CPU.Build.0 = Release|Any CPU
	EndGlobalSection
	GlobalSection(SolutionProperties) = preSolution
		HideSolutionNode = FALSE
	EndGlobalSection
	GlobalSection(ExtensibilityGlobals) = postSolution
		SolutionGuid = {2B60722C-A1A0-4AA7-84F7-8F45B976C1B4}
	EndGlobalSection
EndGlobal
